
Microsoft Visual Studio Solution File, Format Version 12.00
# Visual Studio Version 17
VisualStudioVersion = 17.0.31903.59
MinimumVisualStudioVersion = 10.0.40219.1
Project("{FAE04EC0-301F-11D3-BF4B-00C04F79EFBC}") = "API", "API\API.csproj", "{D830FF97-9386-4D04-B6C3-8AF0D08D436B}"
EndProject
Project("{FAE04EC0-301F-11D3-BF4B-00C04F79EFBC}") = "Ticket", "Ticket\Ticket.csproj", "{0944590C-3FF3-4FD6-87C3-9C188AD45921}"
EndProject
Global
	GlobalSection(SolutionConfigurationPlatforms) = preSolution
		Debug|Any CPU = Debug|Any CPU
		Release|Any CPU = Release|Any CPU
	EndGlobalSection
	GlobalSection(SolutionProperties) = preSolution
		HideSolutionNode = FALSE
	EndGlobalSection
	GlobalSection(ProjectConfigurationPlatforms) = postSolution
		{D830FF97-9386-4D04-B6C3-8AF0D08D436B}.Debug|Any CPU.ActiveCfg = Debug|Any CPU
		{D830FF97-9386-4D04-B6C3-8AF0D08D436B}.Debug|Any CPU.Build.0 = Debug|Any CPU
		{D830FF97-9386-4D04-B6C3-8AF0D08D436B}.Release|Any CPU.ActiveCfg = Release|Any CPU
		{D830FF97-9386-4D04-B6C3-8AF0D08D436B}.Release|Any CPU.Build.0 = Release|Any CPU
		{0944590C-3FF3-4FD6-87C3-9C188AD45921}.Debug|Any CPU.ActiveCfg = Debug|Any CPU
		{0944590C-3FF3-4FD6-87C3-9C188AD45921}.Debug|Any CPU.Build.0 = Debug|Any CPU
		{0944590C-3FF3-4FD6-87C3-9C188AD45921}.Release|Any CPU.ActiveCfg = Release|Any CPU
		{0944590C-3FF3-4FD6-87C3-9C188AD45921}.Release|Any CPU.Build.0 = Release|Any CPU
	EndGlobalSection
EndGlobal
